// !$*UTF8*$!
{
	archiveVersion = 1;
	classes = {
	};
	objectVersion = 56;
	objects = {

/* Begin PBXBuildFile section */
		4C2D8D1D2A20F20400423B88 /* AppDelegate.swift in Sources */ = {isa = PBXBuildFile; fileRef = 4C2D8D1C2A20F20400423B88 /* AppDelegate.swift */; };
		4C2D8D1F2A20F20400423B88 /* SceneDelegate.swift in Sources */ = {isa = PBXBuildFile; fileRef = 4C2D8D1E2A20F20400423B88 /* SceneDelegate.swift */; };
		4C2D8D212A20F20400423B88 /* ImagesListViewController.swift in Sources */ = {isa = PBXBuildFile; fileRef = 4C2D8D202A20F20400423B88 /* ImagesListViewController.swift */; };
		4C2D8D242A20F20400423B88 /* Main.storyboard in Resources */ = {isa = PBXBuildFile; fileRef = 4C2D8D222A20F20400423B88 /* Main.storyboard */; };
		4C2D8D262A20F20700423B88 /* Assets.xcassets in Resources */ = {isa = PBXBuildFile; fileRef = 4C2D8D252A20F20700423B88 /* Assets.xcassets */; };
		4C2D8D292A20F20700423B88 /* LaunchScreen.storyboard in Resources */ = {isa = PBXBuildFile; fileRef = 4C2D8D272A20F20700423B88 /* LaunchScreen.storyboard */; };
		4C2D8D312A23DEEE00423B88 /* ImagesListCell.swift in Sources */ = {isa = PBXBuildFile; fileRef = 4C2D8D302A23DEEE00423B88 /* ImagesListCell.swift */; };
		4C7590202A349D64007B9F3C /* ProfileViewController.swift in Sources */ = {isa = PBXBuildFile; fileRef = 4C75901F2A349D64007B9F3C /* ProfileViewController.swift */; };
		4C7A70F62A790CBB003823CC /* ImagesListService.swift in Sources */ = {isa = PBXBuildFile; fileRef = 4C7A70F52A790CBB003823CC /* ImagesListService.swift */; };
		4C85F2DE2A5F0EB4002EA2C1 /* ProgressHUD in Frameworks */ = {isa = PBXBuildFile; productRef = 4C85F2DD2A5F0EB4002EA2C1 /* ProgressHUD */; };
		4C85F2E02A602FC7002EA2C1 /* UIBlockingProgressHUD.swift in Sources */ = {isa = PBXBuildFile; fileRef = 4C85F2DF2A602FC7002EA2C1 /* UIBlockingProgressHUD.swift */; };
		4C85F2E22A617218002EA2C1 /* ProfileService.swift in Sources */ = {isa = PBXBuildFile; fileRef = 4C85F2E12A617217002EA2C1 /* ProfileService.swift */; };
		4C85F2E42A63FE39002EA2C1 /* ProfileImageService.swift in Sources */ = {isa = PBXBuildFile; fileRef = 4C85F2E32A63FE39002EA2C1 /* ProfileImageService.swift */; };
		4C85F2E62A680F2D002EA2C1 /* URLSessionExtension.swift in Sources */ = {isa = PBXBuildFile; fileRef = 4C85F2E52A680F2C002EA2C1 /* URLSessionExtension.swift */; };
		4C878DBE2A77B56100C60D9D /* ProfileModels.swift in Sources */ = {isa = PBXBuildFile; fileRef = 4C878DBD2A77B56100C60D9D /* ProfileModels.swift */; };
		4CA3C3ED2A6AA4A7001CE812 /* Kingfisher in Frameworks */ = {isa = PBXBuildFile; productRef = 4CA3C3EC2A6AA4A7001CE812 /* Kingfisher */; };
		4CA3C3F02A6AD3C3001CE812 /* SwiftKeychainWrapper in Frameworks */ = {isa = PBXBuildFile; productRef = 4CA3C3EF2A6AD3C3001CE812 /* SwiftKeychainWrapper */; };
		4CA3C3F22A6DA5AA001CE812 /* TabBarController.swift in Sources */ = {isa = PBXBuildFile; fileRef = 4CA3C3F12A6DA5AA001CE812 /* TabBarController.swift */; };
		4CA653492A5321AC00E86B57 /* Constants.swift in Sources */ = {isa = PBXBuildFile; fileRef = 4CA653482A5321AC00E86B57 /* Constants.swift */; };
		4CA6534B2A54407A00E86B57 /* AuthViewController.swift in Sources */ = {isa = PBXBuildFile; fileRef = 4CA6534A2A54407A00E86B57 /* AuthViewController.swift */; };
		4CA6534E2A54434500E86B57 /* WebViewViewController.swift in Sources */ = {isa = PBXBuildFile; fileRef = 4CA6534D2A54434500E86B57 /* WebViewViewController.swift */; };
		4CA653512A56ED9400E86B57 /* OAuth2Service.swift in Sources */ = {isa = PBXBuildFile; fileRef = 4CA653502A56ED9400E86B57 /* OAuth2Service.swift */; };
		4CA653532A56EF2200E86B57 /* OAuth2TokenStorage.swift in Sources */ = {isa = PBXBuildFile; fileRef = 4CA653522A56EF2200E86B57 /* OAuth2TokenStorage.swift */; };
		4CA653562A5AD7B700E86B57 /* SplashViewController.swift in Sources */ = {isa = PBXBuildFile; fileRef = 4CA653552A5AD7B700E86B57 /* SplashViewController.swift */; };
		4CA9F1752A373EC200FFEFA3 /* SingleImageViewController.swift in Sources */ = {isa = PBXBuildFile; fileRef = 4CA9F1742A373EC200FFEFA3 /* SingleImageViewController.swift */; };
/* End PBXBuildFile section */

/* Begin PBXFileReference section */
		4C2D8D192A20F20400423B88 /* ImageFeed.app */ = {isa = PBXFileReference; explicitFileType = wrapper.application; includeInIndex = 0; path = ImageFeed.app; sourceTree = BUILT_PRODUCTS_DIR; };
		4C2D8D1C2A20F20400423B88 /* AppDelegate.swift */ = {isa = PBXFileReference; lastKnownFileType = sourcecode.swift; path = AppDelegate.swift; sourceTree = "<group>"; };
		4C2D8D1E2A20F20400423B88 /* SceneDelegate.swift */ = {isa = PBXFileReference; lastKnownFileType = sourcecode.swift; path = SceneDelegate.swift; sourceTree = "<group>"; };
		4C2D8D202A20F20400423B88 /* ImagesListViewController.swift */ = {isa = PBXFileReference; lastKnownFileType = sourcecode.swift; path = ImagesListViewController.swift; sourceTree = "<group>"; };
		4C2D8D232A20F20400423B88 /* Base */ = {isa = PBXFileReference; lastKnownFileType = file.storyboard; name = Base; path = Base.lproj/Main.storyboard; sourceTree = "<group>"; };
		4C2D8D252A20F20700423B88 /* Assets.xcassets */ = {isa = PBXFileReference; lastKnownFileType = folder.assetcatalog; path = Assets.xcassets; sourceTree = "<group>"; };
		4C2D8D282A20F20700423B88 /* Base */ = {isa = PBXFileReference; lastKnownFileType = file.storyboard; name = Base; path = Base.lproj/LaunchScreen.storyboard; sourceTree = "<group>"; };
		4C2D8D2A2A20F20700423B88 /* Info.plist */ = {isa = PBXFileReference; lastKnownFileType = text.plist.xml; path = Info.plist; sourceTree = "<group>"; };
		4C2D8D302A23DEEE00423B88 /* ImagesListCell.swift */ = {isa = PBXFileReference; lastKnownFileType = sourcecode.swift; path = ImagesListCell.swift; sourceTree = "<group>"; };
		4C75901F2A349D64007B9F3C /* ProfileViewController.swift */ = {isa = PBXFileReference; lastKnownFileType = sourcecode.swift; path = ProfileViewController.swift; sourceTree = "<group>"; };
		4C7A70F52A790CBB003823CC /* ImagesListService.swift */ = {isa = PBXFileReference; lastKnownFileType = sourcecode.swift; path = ImagesListService.swift; sourceTree = "<group>"; };
		4C85F2DF2A602FC7002EA2C1 /* UIBlockingProgressHUD.swift */ = {isa = PBXFileReference; lastKnownFileType = sourcecode.swift; path = UIBlockingProgressHUD.swift; sourceTree = "<group>"; };
		4C85F2E12A617217002EA2C1 /* ProfileService.swift */ = {isa = PBXFileReference; lastKnownFileType = sourcecode.swift; path = ProfileService.swift; sourceTree = "<group>"; };
		4C85F2E32A63FE39002EA2C1 /* ProfileImageService.swift */ = {isa = PBXFileReference; lastKnownFileType = sourcecode.swift; path = ProfileImageService.swift; sourceTree = "<group>"; };
		4C85F2E52A680F2C002EA2C1 /* URLSessionExtension.swift */ = {isa = PBXFileReference; lastKnownFileType = sourcecode.swift; path = URLSessionExtension.swift; sourceTree = "<group>"; };
		4C878DBD2A77B56100C60D9D /* ProfileModels.swift */ = {isa = PBXFileReference; lastKnownFileType = sourcecode.swift; path = ProfileModels.swift; sourceTree = "<group>"; };
		4CA3C3F12A6DA5AA001CE812 /* TabBarController.swift */ = {isa = PBXFileReference; lastKnownFileType = sourcecode.swift; path = TabBarController.swift; sourceTree = "<group>"; };
		4CA653482A5321AC00E86B57 /* Constants.swift */ = {isa = PBXFileReference; lastKnownFileType = sourcecode.swift; path = Constants.swift; sourceTree = "<group>"; };
		4CA6534A2A54407A00E86B57 /* AuthViewController.swift */ = {isa = PBXFileReference; lastKnownFileType = sourcecode.swift; path = AuthViewController.swift; sourceTree = "<group>"; };
		4CA6534D2A54434500E86B57 /* WebViewViewController.swift */ = {isa = PBXFileReference; lastKnownFileType = sourcecode.swift; path = WebViewViewController.swift; sourceTree = "<group>"; };
		4CA653502A56ED9400E86B57 /* OAuth2Service.swift */ = {isa = PBXFileReference; lastKnownFileType = sourcecode.swift; path = OAuth2Service.swift; sourceTree = "<group>"; };
		4CA653522A56EF2200E86B57 /* OAuth2TokenStorage.swift */ = {isa = PBXFileReference; lastKnownFileType = sourcecode.swift; path = OAuth2TokenStorage.swift; sourceTree = "<group>"; };
		4CA653552A5AD7B700E86B57 /* SplashViewController.swift */ = {isa = PBXFileReference; lastKnownFileType = sourcecode.swift; path = SplashViewController.swift; sourceTree = "<group>"; };
		4CA9F1742A373EC200FFEFA3 /* SingleImageViewController.swift */ = {isa = PBXFileReference; lastKnownFileType = sourcecode.swift; path = SingleImageViewController.swift; sourceTree = "<group>"; };
/* End PBXFileReference section */

/* Begin PBXFrameworksBuildPhase section */
		4C2D8D162A20F20400423B88 /* Frameworks */ = {
			isa = PBXFrameworksBuildPhase;
			buildActionMask = 2147483647;
			files = (
				4CA3C3ED2A6AA4A7001CE812 /* Kingfisher in Frameworks */,
				4C85F2DE2A5F0EB4002EA2C1 /* ProgressHUD in Frameworks */,
				4CA3C3F02A6AD3C3001CE812 /* SwiftKeychainWrapper in Frameworks */,
			);
			runOnlyForDeploymentPostprocessing = 0;
		};
/* End PBXFrameworksBuildPhase section */

/* Begin PBXGroup section */
		4C2D8D102A20F20400423B88 = {
			isa = PBXGroup;
			children = (
				4C2D8D1B2A20F20400423B88 /* ImageFeed */,
				4C2D8D1A2A20F20400423B88 /* Products */,
			);
			sourceTree = "<group>";
		};
		4C2D8D1A2A20F20400423B88 /* Products */ = {
			isa = PBXGroup;
			children = (
				4C2D8D192A20F20400423B88 /* ImageFeed.app */,
			);
			name = Products;
			sourceTree = "<group>";
		};
		4C2D8D1B2A20F20400423B88 /* ImageFeed */ = {
			isa = PBXGroup;
			children = (
				4CA3C3F32A6E7D30001CE812 /* UIBlockingProgressHUD */,
				4CA3C3EA2A6AA01A001CE812 /* URLSessionExtension */,
				4CA6534F2A56ED7800E86B57 /* OAuth2 */,
				4C2D8D322A23DF3500423B88 /* ImagesList */,
				4C75901E2A349D34007B9F3C /* Profile */,
				4CA9F1762A37419600FFEFA3 /* SingleImageView */,
				4CA3C3F42A6E80A9001CE812 /* TabBarController */,
				4CA653542A5AD78D00E86B57 /* SplashViewController */,
				4CA6534C2A5440BF00E86B57 /* Auth */,
				4C2D8D1C2A20F20400423B88 /* AppDelegate.swift */,
				4C2D8D1E2A20F20400423B88 /* SceneDelegate.swift */,
				4CA653482A5321AC00E86B57 /* Constants.swift */,
				4C2D8D252A20F20700423B88 /* Assets.xcassets */,
				4C2D8D222A20F20400423B88 /* Main.storyboard */,
				4C2D8D272A20F20700423B88 /* LaunchScreen.storyboard */,
				4C2D8D2A2A20F20700423B88 /* Info.plist */,
			);
			path = ImageFeed;
			sourceTree = "<group>";
		};
		4C2D8D322A23DF3500423B88 /* ImagesList */ = {
			isa = PBXGroup;
			children = (
				4C2D8D302A23DEEE00423B88 /* ImagesListCell.swift */,
				4C2D8D202A20F20400423B88 /* ImagesListViewController.swift */,
				4C7A70F52A790CBB003823CC /* ImagesListService.swift */,
			);
			path = ImagesList;
			sourceTree = "<group>";
		};
		4C75901E2A349D34007B9F3C /* Profile */ = {
			isa = PBXGroup;
			children = (
				4C85F2E32A63FE39002EA2C1 /* ProfileImageService.swift */,
				4C85F2E12A617217002EA2C1 /* ProfileService.swift */,
				4C75901F2A349D64007B9F3C /* ProfileViewController.swift */,
				4C878DBD2A77B56100C60D9D /* ProfileModels.swift */,
			);
			path = Profile;
			sourceTree = "<group>";
		};
		4CA3C3EA2A6AA01A001CE812 /* URLSessionExtension */ = {
			isa = PBXGroup;
			children = (
				4C85F2E52A680F2C002EA2C1 /* URLSessionExtension.swift */,
			);
			path = URLSessionExtension;
			sourceTree = "<group>";
		};
		4CA3C3F32A6E7D30001CE812 /* UIBlockingProgressHUD */ = {
			isa = PBXGroup;
			children = (
				4C85F2DF2A602FC7002EA2C1 /* UIBlockingProgressHUD.swift */,
			);
			path = UIBlockingProgressHUD;
			sourceTree = "<group>";
		};
		4CA3C3F42A6E80A9001CE812 /* TabBarController */ = {
			isa = PBXGroup;
			children = (
				4CA3C3F12A6DA5AA001CE812 /* TabBarController.swift */,
			);
			path = TabBarController;
			sourceTree = "<group>";
		};
		4CA6534C2A5440BF00E86B57 /* Auth */ = {
			isa = PBXGroup;
			children = (
				4CA6534A2A54407A00E86B57 /* AuthViewController.swift */,
				4CA6534D2A54434500E86B57 /* WebViewViewController.swift */,
			);
			path = Auth;
			sourceTree = "<group>";
		};
		4CA6534F2A56ED7800E86B57 /* OAuth2 */ = {
			isa = PBXGroup;
			children = (
				4CA653502A56ED9400E86B57 /* OAuth2Service.swift */,
				4CA653522A56EF2200E86B57 /* OAuth2TokenStorage.swift */,
			);
			path = OAuth2;
			sourceTree = "<group>";
		};
		4CA653542A5AD78D00E86B57 /* SplashViewController */ = {
			isa = PBXGroup;
			children = (
				4CA653552A5AD7B700E86B57 /* SplashViewController.swift */,
			);
			path = SplashViewController;
			sourceTree = "<group>";
		};
		4CA9F1762A37419600FFEFA3 /* SingleImageView */ = {
			isa = PBXGroup;
			children = (
				4CA9F1742A373EC200FFEFA3 /* SingleImageViewController.swift */,
			);
			path = SingleImageView;
			sourceTree = "<group>";
		};
/* End PBXGroup section */

/* Begin PBXNativeTarget section */
		4C2D8D182A20F20400423B88 /* ImageFeed */ = {
			isa = PBXNativeTarget;
			buildConfigurationList = 4C2D8D2D2A20F20700423B88 /* Build configuration list for PBXNativeTarget "ImageFeed" */;
			buildPhases = (
				4C2D8D152A20F20400423B88 /* Sources */,
				4C2D8D162A20F20400423B88 /* Frameworks */,
				4C2D8D172A20F20400423B88 /* Resources */,
			);
			buildRules = (
			);
			dependencies = (
			);
			name = ImageFeed;
			packageProductDependencies = (
				4C85F2DD2A5F0EB4002EA2C1 /* ProgressHUD */,
				4CA3C3EC2A6AA4A7001CE812 /* Kingfisher */,
				4CA3C3EF2A6AD3C3001CE812 /* SwiftKeychainWrapper */,
			);
			productName = ImageFeed;
			productReference = 4C2D8D192A20F20400423B88 /* ImageFeed.app */;
			productType = "com.apple.product-type.application";
		};
/* End PBXNativeTarget section */

/* Begin PBXProject section */
		4C2D8D112A20F20400423B88 /* Project object */ = {
			isa = PBXProject;
			attributes = {
				BuildIndependentTargetsInParallel = 1;
				LastSwiftUpdateCheck = 1430;
				LastUpgradeCheck = 1430;
				TargetAttributes = {
					4C2D8D182A20F20400423B88 = {
						CreatedOnToolsVersion = 14.3;
					};
				};
			};
			buildConfigurationList = 4C2D8D142A20F20400423B88 /* Build configuration list for PBXProject "ImageFeed" */;
			compatibilityVersion = "Xcode 14.0";
			developmentRegion = en;
			hasScannedForEncodings = 0;
			knownRegions = (
				en,
				Base,
			);
			mainGroup = 4C2D8D102A20F20400423B88;
			packageReferences = (
				4C85F2DC2A5F0EB4002EA2C1 /* XCRemoteSwiftPackageReference "ProgressHUD" */,
				4CA3C3EB2A6AA4A7001CE812 /* XCRemoteSwiftPackageReference "Kingfisher" */,
				4CA3C3EE2A6AD3C2001CE812 /* XCRemoteSwiftPackageReference "SwiftKeychainWrapper" */,
			);
			productRefGroup = 4C2D8D1A2A20F20400423B88 /* Products */;
			projectDirPath = "";
			projectRoot = "";
			targets = (
				4C2D8D182A20F20400423B88 /* ImageFeed */,
			);
		};
/* End PBXProject section */

/* Begin PBXResourcesBuildPhase section */
		4C2D8D172A20F20400423B88 /* Resources */ = {
			isa = PBXResourcesBuildPhase;
			buildActionMask = 2147483647;
			files = (
				4C2D8D292A20F20700423B88 /* LaunchScreen.storyboard in Resources */,
				4C2D8D262A20F20700423B88 /* Assets.xcassets in Resources */,
				4C2D8D242A20F20400423B88 /* Main.storyboard in Resources */,
			);
			runOnlyForDeploymentPostprocessing = 0;
		};
/* End PBXResourcesBuildPhase section */

/* Begin PBXSourcesBuildPhase section */
		4C2D8D152A20F20400423B88 /* Sources */ = {
			isa = PBXSourcesBuildPhase;
			buildActionMask = 2147483647;
			files = (
				4C2D8D212A20F20400423B88 /* ImagesListViewController.swift in Sources */,
				4CA9F1752A373EC200FFEFA3 /* SingleImageViewController.swift in Sources */,
				4C2D8D312A23DEEE00423B88 /* ImagesListCell.swift in Sources */,
				4CA3C3F22A6DA5AA001CE812 /* TabBarController.swift in Sources */,
				4CA653562A5AD7B700E86B57 /* SplashViewController.swift in Sources */,
				4C7590202A349D64007B9F3C /* ProfileViewController.swift in Sources */,
				4CA653532A56EF2200E86B57 /* OAuth2TokenStorage.swift in Sources */,
				4C85F2E02A602FC7002EA2C1 /* UIBlockingProgressHUD.swift in Sources */,
				4CA6534B2A54407A00E86B57 /* AuthViewController.swift in Sources */,
				4C85F2E62A680F2D002EA2C1 /* URLSessionExtension.swift in Sources */,
				4CA653492A5321AC00E86B57 /* Constants.swift in Sources */,
				4C2D8D1D2A20F20400423B88 /* AppDelegate.swift in Sources */,
				4CA6534E2A54434500E86B57 /* WebViewViewController.swift in Sources */,
				4CA653512A56ED9400E86B57 /* OAuth2Service.swift in Sources */,
				4C7A70F62A790CBB003823CC /* ImagesListService.swift in Sources */,
				4C85F2E42A63FE39002EA2C1 /* ProfileImageService.swift in Sources */,
				4C2D8D1F2A20F20400423B88 /* SceneDelegate.swift in Sources */,
				4C878DBE2A77B56100C60D9D /* ProfileModels.swift in Sources */,
				4C85F2E22A617218002EA2C1 /* ProfileService.swift in Sources */,
			);
			runOnlyForDeploymentPostprocessing = 0;
		};
/* End PBXSourcesBuildPhase section */

/* Begin PBXVariantGroup section */
		4C2D8D222A20F20400423B88 /* Main.storyboard */ = {
			isa = PBXVariantGroup;
			children = (
				4C2D8D232A20F20400423B88 /* Base */,
			);
			name = Main.storyboard;
			sourceTree = "<group>";
		};
		4C2D8D272A20F20700423B88 /* LaunchScreen.storyboard */ = {
			isa = PBXVariantGroup;
			children = (
				4C2D8D282A20F20700423B88 /* Base */,
			);
			name = LaunchScreen.storyboard;
			sourceTree = "<group>";
		};
/* End PBXVariantGroup section */

/* Begin XCBuildConfiguration section */
		4C2D8D2B2A20F20700423B88 /* Debug */ = {
			isa = XCBuildConfiguration;
			buildSettings = {
				ALWAYS_SEARCH_USER_PATHS = NO;
				CLANG_ANALYZER_NONNULL = YES;
				CLANG_ANALYZER_NUMBER_OBJECT_CONVERSION = YES_AGGRESSIVE;
				CLANG_CXX_LANGUAGE_STANDARD = "gnu++20";
				CLANG_ENABLE_MODULES = YES;
				CLANG_ENABLE_OBJC_ARC = YES;
				CLANG_ENABLE_OBJC_WEAK = YES;
				CLANG_WARN_BLOCK_CAPTURE_AUTORELEASING = YES;
				CLANG_WARN_BOOL_CONVERSION = YES;
				CLANG_WARN_COMMA = YES;
				CLANG_WARN_CONSTANT_CONVERSION = YES;
				CLANG_WARN_DEPRECATED_OBJC_IMPLEMENTATIONS = YES;
				CLANG_WARN_DIRECT_OBJC_ISA_USAGE = YES_ERROR;
				CLANG_WARN_DOCUMENTATION_COMMENTS = YES;
				CLANG_WARN_EMPTY_BODY = YES;
				CLANG_WARN_ENUM_CONVERSION = YES;
				CLANG_WARN_INFINITE_RECURSION = YES;
				CLANG_WARN_INT_CONVERSION = YES;
				CLANG_WARN_NON_LITERAL_NULL_CONVERSION = YES;
				CLANG_WARN_OBJC_IMPLICIT_RETAIN_SELF = YES;
				CLANG_WARN_OBJC_LITERAL_CONVERSION = YES;
				CLANG_WARN_OBJC_ROOT_CLASS = YES_ERROR;
				CLANG_WARN_QUOTED_INCLUDE_IN_FRAMEWORK_HEADER = YES;
				CLANG_WARN_RANGE_LOOP_ANALYSIS = YES;
				CLANG_WARN_STRICT_PROTOTYPES = YES;
				CLANG_WARN_SUSPICIOUS_MOVE = YES;
				CLANG_WARN_UNGUARDED_AVAILABILITY = YES_AGGRESSIVE;
				CLANG_WARN_UNREACHABLE_CODE = YES;
				CLANG_WARN__DUPLICATE_METHOD_MATCH = YES;
				COPY_PHASE_STRIP = NO;
				DEBUG_INFORMATION_FORMAT = dwarf;
				ENABLE_STRICT_OBJC_MSGSEND = YES;
				ENABLE_TESTABILITY = YES;
				GCC_C_LANGUAGE_STANDARD = gnu11;
				GCC_DYNAMIC_NO_PIC = NO;
				GCC_NO_COMMON_BLOCKS = YES;
				GCC_OPTIMIZATION_LEVEL = 0;
				GCC_PREPROCESSOR_DEFINITIONS = (
					"DEBUG=1",
					"$(inherited)",
				);
				GCC_WARN_64_TO_32_BIT_CONVERSION = YES;
				GCC_WARN_ABOUT_RETURN_TYPE = YES_ERROR;
				GCC_WARN_UNDECLARED_SELECTOR = YES;
				GCC_WARN_UNINITIALIZED_AUTOS = YES_AGGRESSIVE;
				GCC_WARN_UNUSED_FUNCTION = YES;
				GCC_WARN_UNUSED_VARIABLE = YES;
				IPHONEOS_DEPLOYMENT_TARGET = 16.4;
				MTL_ENABLE_DEBUG_INFO = INCLUDE_SOURCE;
				MTL_FAST_MATH = YES;
				ONLY_ACTIVE_ARCH = YES;
				SDKROOT = iphoneos;
				SWIFT_ACTIVE_COMPILATION_CONDITIONS = DEBUG;
				SWIFT_OPTIMIZATION_LEVEL = "-Onone";
			};
			name = Debug;
		};
		4C2D8D2C2A20F20700423B88 /* Release */ = {
			isa = XCBuildConfiguration;
			buildSettings = {
				ALWAYS_SEARCH_USER_PATHS = NO;
				CLANG_ANALYZER_NONNULL = YES;
				CLANG_ANALYZER_NUMBER_OBJECT_CONVERSION = YES_AGGRESSIVE;
				CLANG_CXX_LANGUAGE_STANDARD = "gnu++20";
				CLANG_ENABLE_MODULES = YES;
				CLANG_ENABLE_OBJC_ARC = YES;
				CLANG_ENABLE_OBJC_WEAK = YES;
				CLANG_WARN_BLOCK_CAPTURE_AUTORELEASING = YES;
				CLANG_WARN_BOOL_CONVERSION = YES;
				CLANG_WARN_COMMA = YES;
				CLANG_WARN_CONSTANT_CONVERSION = YES;
				CLANG_WARN_DEPRECATED_OBJC_IMPLEMENTATIONS = YES;
				CLANG_WARN_DIRECT_OBJC_ISA_USAGE = YES_ERROR;
				CLANG_WARN_DOCUMENTATION_COMMENTS = YES;
				CLANG_WARN_EMPTY_BODY = YES;
				CLANG_WARN_ENUM_CONVERSION = YES;
				CLANG_WARN_INFINITE_RECURSION = YES;
				CLANG_WARN_INT_CONVERSION = YES;
				CLANG_WARN_NON_LITERAL_NULL_CONVERSION = YES;
				CLANG_WARN_OBJC_IMPLICIT_RETAIN_SELF = YES;
				CLANG_WARN_OBJC_LITERAL_CONVERSION = YES;
				CLANG_WARN_OBJC_ROOT_CLASS = YES_ERROR;
				CLANG_WARN_QUOTED_INCLUDE_IN_FRAMEWORK_HEADER = YES;
				CLANG_WARN_RANGE_LOOP_ANALYSIS = YES;
				CLANG_WARN_STRICT_PROTOTYPES = YES;
				CLANG_WARN_SUSPICIOUS_MOVE = YES;
				CLANG_WARN_UNGUARDED_AVAILABILITY = YES_AGGRESSIVE;
				CLANG_WARN_UNREACHABLE_CODE = YES;
				CLANG_WARN__DUPLICATE_METHOD_MATCH = YES;
				COPY_PHASE_STRIP = NO;
				DEBUG_INFORMATION_FORMAT = "dwarf-with-dsym";
				ENABLE_NS_ASSERTIONS = NO;
				ENABLE_STRICT_OBJC_MSGSEND = YES;
				GCC_C_LANGUAGE_STANDARD = gnu11;
				GCC_NO_COMMON_BLOCKS = YES;
				GCC_WARN_64_TO_32_BIT_CONVERSION = YES;
				GCC_WARN_ABOUT_RETURN_TYPE = YES_ERROR;
				GCC_WARN_UNDECLARED_SELECTOR = YES;
				GCC_WARN_UNINITIALIZED_AUTOS = YES_AGGRESSIVE;
				GCC_WARN_UNUSED_FUNCTION = YES;
				GCC_WARN_UNUSED_VARIABLE = YES;
				IPHONEOS_DEPLOYMENT_TARGET = 16.4;
				MTL_ENABLE_DEBUG_INFO = NO;
				MTL_FAST_MATH = YES;
				SDKROOT = iphoneos;
				SWIFT_COMPILATION_MODE = wholemodule;
				SWIFT_OPTIMIZATION_LEVEL = "-O";
				VALIDATE_PRODUCT = YES;
			};
			name = Release;
		};
		4C2D8D2E2A20F20700423B88 /* Debug */ = {
			isa = XCBuildConfiguration;
			buildSettings = {
				ASSETCATALOG_COMPILER_APPICON_NAME = AppIcon;
				ASSETCATALOG_COMPILER_GLOBAL_ACCENT_COLOR_NAME = AccentColor;
				CODE_SIGN_STYLE = Automatic;
				CURRENT_PROJECT_VERSION = 1;
				DEVELOPMENT_TEAM = H2AXHRTMVM;
				GENERATE_INFOPLIST_FILE = YES;
				INFOPLIST_FILE = ImageFeed/Info.plist;
				INFOPLIST_KEY_UIApplicationSupportsIndirectInputEvents = YES;
				INFOPLIST_KEY_UILaunchStoryboardName = LaunchScreen;
				INFOPLIST_KEY_UIMainStoryboardFile = Main;
				INFOPLIST_KEY_UISupportedInterfaceOrientations_iPad = "UIInterfaceOrientationPortrait UIInterfaceOrientationPortraitUpsideDown UIInterfaceOrientationLandscapeLeft UIInterfaceOrientationLandscapeRight";
				INFOPLIST_KEY_UISupportedInterfaceOrientations_iPhone = UIInterfaceOrientationPortrait;
				IPHONEOS_DEPLOYMENT_TARGET = 13.0;
				LD_RUNPATH_SEARCH_PATHS = (
					"$(inherited)",
					"@executable_path/Frameworks",
				);
				MARKETING_VERSION = 1.0;
				PRODUCT_BUNDLE_IDENTIFIER = ru.yandex.practicum.visaeva.ImageFeed;
				PRODUCT_NAME = "$(TARGET_NAME)";
				SUPPORTED_PLATFORMS = "iphoneos iphonesimulator";
				SUPPORTS_MACCATALYST = NO;
				SUPPORTS_MAC_DESIGNED_FOR_IPHONE_IPAD = YES;
				SWIFT_EMIT_LOC_STRINGS = YES;
				SWIFT_VERSION = 5.0;
				TARGETED_DEVICE_FAMILY = 1;
			};
			name = Debug;
		};
		4C2D8D2F2A20F20700423B88 /* Release */ = {
			isa = XCBuildConfiguration;
			buildSettings = {
				ASSETCATALOG_COMPILER_APPICON_NAME = AppIcon;
				ASSETCATALOG_COMPILER_GLOBAL_ACCENT_COLOR_NAME = AccentColor;
				CODE_SIGN_STYLE = Automatic;
				CURRENT_PROJECT_VERSION = 1;
				DEVELOPMENT_TEAM = H2AXHRTMVM;
				GENERATE_INFOPLIST_FILE = YES;
				INFOPLIST_FILE = ImageFeed/Info.plist;
				INFOPLIST_KEY_UIApplicationSupportsIndirectInputEvents = YES;
				INFOPLIST_KEY_UILaunchStoryboardName = LaunchScreen;
				INFOPLIST_KEY_UIMainStoryboardFile = Main;
				INFOPLIST_KEY_UISupportedInterfaceOrientations_iPad = "UIInterfaceOrientationPortrait UIInterfaceOrientationPortraitUpsideDown UIInterfaceOrientationLandscapeLeft UIInterfaceOrientationLandscapeRight";
				INFOPLIST_KEY_UISupportedInterfaceOrientations_iPhone = UIInterfaceOrientationPortrait;
				IPHONEOS_DEPLOYMENT_TARGET = 13.0;
				LD_RUNPATH_SEARCH_PATHS = (
					"$(inherited)",
					"@executable_path/Frameworks",
				);
				MARKETING_VERSION = 1.0;
				PRODUCT_BUNDLE_IDENTIFIER = ru.yandex.practicum.visaeva.ImageFeed;
				PRODUCT_NAME = "$(TARGET_NAME)";
				SUPPORTED_PLATFORMS = "iphoneos iphonesimulator";
				SUPPORTS_MACCATALYST = NO;
				SUPPORTS_MAC_DESIGNED_FOR_IPHONE_IPAD = YES;
				SWIFT_EMIT_LOC_STRINGS = YES;
				SWIFT_VERSION = 5.0;
				TARGETED_DEVICE_FAMILY = 1;
			};
			name = Release;
		};
/* End XCBuildConfiguration section */

/* Begin XCConfigurationList section */
		4C2D8D142A20F20400423B88 /* Build configuration list for PBXProject "ImageFeed" */ = {
			isa = XCConfigurationList;
			buildConfigurations = (
				4C2D8D2B2A20F20700423B88 /* Debug */,
				4C2D8D2C2A20F20700423B88 /* Release */,
			);
			defaultConfigurationIsVisible = 0;
			defaultConfigurationName = Release;
		};
		4C2D8D2D2A20F20700423B88 /* Build configuration list for PBXNativeTarget "ImageFeed" */ = {
			isa = XCConfigurationList;
			buildConfigurations = (
				4C2D8D2E2A20F20700423B88 /* Debug */,
				4C2D8D2F2A20F20700423B88 /* Release */,
			);
			defaultConfigurationIsVisible = 0;
			defaultConfigurationName = Release;
		};
/* End XCConfigurationList section */

/* Begin XCRemoteSwiftPackageReference section */
		4C85F2DC2A5F0EB4002EA2C1 /* XCRemoteSwiftPackageReference "ProgressHUD" */ = {
			isa = XCRemoteSwiftPackageReference;
			repositoryURL = "https://github.com/relatedcode/ProgressHUD";
			requirement = {
				kind = upToNextMajorVersion;
				minimumVersion = 13.0.0;
			};
		};
		4CA3C3EB2A6AA4A7001CE812 /* XCRemoteSwiftPackageReference "Kingfisher" */ = {
			isa = XCRemoteSwiftPackageReference;
			repositoryURL = "https://github.com/onevcat/Kingfisher.git";
			requirement = {
				kind = upToNextMajorVersion;
				minimumVersion = 7.0.0;
			};
		};
		4CA3C3EE2A6AD3C2001CE812 /* XCRemoteSwiftPackageReference "SwiftKeychainWrapper" */ = {
			isa = XCRemoteSwiftPackageReference;
			repositoryURL = "https://github.com/jrendel/SwiftKeychainWrapper";
			requirement = {
				kind = upToNextMajorVersion;
				minimumVersion = 4.0.0;
			};
		};
/* End XCRemoteSwiftPackageReference section */

/* Begin XCSwiftPackageProductDependency section */
		4C85F2DD2A5F0EB4002EA2C1 /* ProgressHUD */ = {
			isa = XCSwiftPackageProductDependency;
			package = 4C85F2DC2A5F0EB4002EA2C1 /* XCRemoteSwiftPackageReference "ProgressHUD" */;
			productName = ProgressHUD;
		};
		4CA3C3EC2A6AA4A7001CE812 /* Kingfisher */ = {
			isa = XCSwiftPackageProductDependency;
			package = 4CA3C3EB2A6AA4A7001CE812 /* XCRemoteSwiftPackageReference "Kingfisher" */;
			productName = Kingfisher;
		};
		4CA3C3EF2A6AD3C3001CE812 /* SwiftKeychainWrapper */ = {
			isa = XCSwiftPackageProductDependency;
			package = 4CA3C3EE2A6AD3C2001CE812 /* XCRemoteSwiftPackageReference "SwiftKeychainWrapper" */;
			productName = SwiftKeychainWrapper;
		};
/* End XCSwiftPackageProductDependency section */
	};
	rootObject = 4C2D8D112A20F20400423B88 /* Project object */;
}
